
Microsoft Visual Studio Solution File, Format Version 12.00
# Visual Studio Version 16
VisualStudioVersion = 16.0.31205.134
MinimumVisualStudioVersion = 10.0.40219.1
Project("{9A19103F-16F7-4668-BE54-9A1E7A4F7556}") = "SymbolCollector.Console", "src\SymbolCollector.Console\SymbolCollector.Console.csproj", "{906FC560-942F-4070-ADFB-3BFBE4A1DB35}"
EndProject
Project("{9A19103F-16F7-4668-BE54-9A1E7A4F7556}") = "SymbolCollector.Core", "src\SymbolCollector.Core\SymbolCollector.Core.csproj", "{5C904261-899C-4B8F-BEA4-5CF93FEDD505}"
EndProject
Project("{9A19103F-16F7-4668-BE54-9A1E7A4F7556}") = "SymbolCollector.Server", "src\SymbolCollector.Server\SymbolCollector.Server.csproj", "{74300E52-A354-4527-B666-4A0D3660C1EA}"
EndProject
Project("{FAE04EC0-301F-11D3-BF4B-00C04F79EFBC}") = "SymbolCollector.Android", "src\SymbolCollector.Android\SymbolCollector.Android.csproj", "{B66B3A36-CE78-4278-998B-D43F6E0C63E8}"
EndProject
Project("{9A19103F-16F7-4668-BE54-9A1E7A4F7556}") = "SymbolCollector.Server.Tests", "test\SymbolCollector.Server.Tests\SymbolCollector.Server.Tests.csproj", "{DE51CE4F-0F0A-4573-B274-F94562DADDCF}"
EndProject
Project("{9A19103F-16F7-4668-BE54-9A1E7A4F7556}") = "SymbolCollector.Core.Tests", "test\SymbolCollector.Core.Tests\SymbolCollector.Core.Tests.csproj", "{7F808549-0A33-4858-B01C-D278ABEFECAA}"
EndProject
Project("{9A19103F-16F7-4668-BE54-9A1E7A4F7556}") = "ELFSharp", "src\ELFSharp\ELFSharp.csproj", "{2B98ED62-A2B8-436D-8D4C-F805DDEA712A}"
EndProject
Project("{FAE04EC0-301F-11D3-BF4B-00C04F79EFBC}") = "SymbolCollector.Android.Library", "src\SymbolCollector.Android.Library\SymbolCollector.Android.Library.csproj", "{66444A27-B1C2-479F-9BE5-9B74113C1BE6}"
EndProject
Project("{9A19103F-16F7-4668-BE54-9A1E7A4F7556}") = "SymbolCollector.Console.Tests", "test\SymbolCollector.Console.Tests\SymbolCollector.Console.Tests.csproj", "{DF467643-472E-4B46-9D3C-6F71E2D67687}"
EndProject
Project("{FAE04EC0-301F-11D3-BF4B-00C04F79EFBC}") = "SymbolCollector.Runner", "src\SymbolCollector.Runner\SymbolCollector.Runner.csproj", "{24CA380D-66DA-4494-BC03-2B296F1477E5}"
EndProject
Global
	GlobalSection(SolutionConfigurationPlatforms) = preSolution
		Debug|Any CPU = Debug|Any CPU
		Debug|x64 = Debug|x64
		Debug|x86 = Debug|x86
		Release|Any CPU = Release|Any CPU
		Release|x64 = Release|x64
		Release|x86 = Release|x86
	EndGlobalSection
	GlobalSection(ProjectConfigurationPlatforms) = postSolution
		{906FC560-942F-4070-ADFB-3BFBE4A1DB35}.Debug|Any CPU.ActiveCfg = Debug|Any CPU
		{906FC560-942F-4070-ADFB-3BFBE4A1DB35}.Debug|Any CPU.Build.0 = Debug|Any CPU
		{906FC560-942F-4070-ADFB-3BFBE4A1DB35}.Debug|x64.ActiveCfg = Debug|Any CPU
		{906FC560-942F-4070-ADFB-3BFBE4A1DB35}.Debug|x64.Build.0 = Debug|Any CPU
		{906FC560-942F-4070-ADFB-3BFBE4A1DB35}.Debug|x86.ActiveCfg = Debug|Any CPU
		{906FC560-942F-4070-ADFB-3BFBE4A1DB35}.Debug|x86.Build.0 = Debug|Any CPU
		{906FC560-942F-4070-ADFB-3BFBE4A1DB35}.Release|Any CPU.ActiveCfg = Release|Any CPU
		{906FC560-942F-4070-ADFB-3BFBE4A1DB35}.Release|Any CPU.Build.0 = Release|Any CPU
		{906FC560-942F-4070-ADFB-3BFBE4A1DB35}.Release|x64.ActiveCfg = Release|Any CPU
		{906FC560-942F-4070-ADFB-3BFBE4A1DB35}.Release|x64.Build.0 = Release|Any CPU
		{906FC560-942F-4070-ADFB-3BFBE4A1DB35}.Release|x86.ActiveCfg = Release|Any CPU
		{906FC560-942F-4070-ADFB-3BFBE4A1DB35}.Release|x86.Build.0 = Release|Any CPU
		{5C904261-899C-4B8F-BEA4-5CF93FEDD505}.Debug|Any CPU.ActiveCfg = Debug|Any CPU
		{5C904261-899C-4B8F-BEA4-5CF93FEDD505}.Debug|Any CPU.Build.0 = Debug|Any CPU
		{5C904261-899C-4B8F-BEA4-5CF93FEDD505}.Debug|x64.ActiveCfg = Debug|Any CPU
		{5C904261-899C-4B8F-BEA4-5CF93FEDD505}.Debug|x64.Build.0 = Debug|Any CPU
		{5C904261-899C-4B8F-BEA4-5CF93FEDD505}.Debug|x86.ActiveCfg = Debug|Any CPU
		{5C904261-899C-4B8F-BEA4-5CF93FEDD505}.Debug|x86.Build.0 = Debug|Any CPU
		{5C904261-899C-4B8F-BEA4-5CF93FEDD505}.Release|Any CPU.ActiveCfg = Release|Any CPU
		{5C904261-899C-4B8F-BEA4-5CF93FEDD505}.Release|Any CPU.Build.0 = Release|Any CPU
		{5C904261-899C-4B8F-BEA4-5CF93FEDD505}.Release|x64.ActiveCfg = Release|Any CPU
		{5C904261-899C-4B8F-BEA4-5CF93FEDD505}.Release|x64.Build.0 = Release|Any CPU
		{5C904261-899C-4B8F-BEA4-5CF93FEDD505}.Release|x86.ActiveCfg = Release|Any CPU
		{5C904261-899C-4B8F-BEA4-5CF93FEDD505}.Release|x86.Build.0 = Release|Any CPU
		{74300E52-A354-4527-B666-4A0D3660C1EA}.Debug|Any CPU.ActiveCfg = Debug|Any CPU
		{74300E52-A354-4527-B666-4A0D3660C1EA}.Debug|Any CPU.Build.0 = Debug|Any CPU
		{74300E52-A354-4527-B666-4A0D3660C1EA}.Debug|x64.ActiveCfg = Debug|Any CPU
		{74300E52-A354-4527-B666-4A0D3660C1EA}.Debug|x64.Build.0 = Debug|Any CPU
		{74300E52-A354-4527-B666-4A0D3660C1EA}.Debug|x86.ActiveCfg = Debug|Any CPU
		{74300E52-A354-4527-B666-4A0D3660C1EA}.Debug|x86.Build.0 = Debug|Any CPU
		{74300E52-A354-4527-B666-4A0D3660C1EA}.Release|Any CPU.ActiveCfg = Release|Any CPU
		{74300E52-A354-4527-B666-4A0D3660C1EA}.Release|Any CPU.Build.0 = Release|Any CPU
		{74300E52-A354-4527-B666-4A0D3660C1EA}.Release|x64.ActiveCfg = Release|Any CPU
		{74300E52-A354-4527-B666-4A0D3660C1EA}.Release|x64.Build.0 = Release|Any CPU
		{74300E52-A354-4527-B666-4A0D3660C1EA}.Release|x86.ActiveCfg = Release|Any CPU
		{74300E52-A354-4527-B666-4A0D3660C1EA}.Release|x86.Build.0 = Release|Any CPU
		{B66B3A36-CE78-4278-998B-D43F6E0C63E8}.Debug|Any CPU.ActiveCfg = Debug|Any CPU
		{B66B3A36-CE78-4278-998B-D43F6E0C63E8}.Debug|Any CPU.Build.0 = Debug|Any CPU
		{B66B3A36-CE78-4278-998B-D43F6E0C63E8}.Debug|x64.ActiveCfg = Debug|Any CPU
		{B66B3A36-CE78-4278-998B-D43F6E0C63E8}.Debug|x64.Build.0 = Debug|Any CPU
		{B66B3A36-CE78-4278-998B-D43F6E0C63E8}.Debug|x86.ActiveCfg = Debug|Any CPU
		{B66B3A36-CE78-4278-998B-D43F6E0C63E8}.Debug|x86.Build.0 = Debug|Any CPU
		{B66B3A36-CE78-4278-998B-D43F6E0C63E8}.Release|Any CPU.ActiveCfg = Release|Any CPU
		{B66B3A36-CE78-4278-998B-D43F6E0C63E8}.Release|Any CPU.Build.0 = Release|Any CPU
		{B66B3A36-CE78-4278-998B-D43F6E0C63E8}.Release|x64.ActiveCfg = Release|Any CPU
		{B66B3A36-CE78-4278-998B-D43F6E0C63E8}.Release|x64.Build.0 = Release|Any CPU
		{B66B3A36-CE78-4278-998B-D43F6E0C63E8}.Release|x86.ActiveCfg = Release|Any CPU
		{B66B3A36-CE78-4278-998B-D43F6E0C63E8}.Release|x86.Build.0 = Release|Any CPU
		{DE51CE4F-0F0A-4573-B274-F94562DADDCF}.Debug|Any CPU.ActiveCfg = Debug|Any CPU
		{DE51CE4F-0F0A-4573-B274-F94562DADDCF}.Debug|Any CPU.Build.0 = Debug|Any CPU
		{DE51CE4F-0F0A-4573-B274-F94562DADDCF}.Debug|x64.ActiveCfg = Debug|Any CPU
		{DE51CE4F-0F0A-4573-B274-F94562DADDCF}.Debug|x64.Build.0 = Debug|Any CPU
		{DE51CE4F-0F0A-4573-B274-F94562DADDCF}.Debug|x86.ActiveCfg = Debug|Any CPU
		{DE51CE4F-0F0A-4573-B274-F94562DADDCF}.Debug|x86.Build.0 = Debug|Any CPU
		{DE51CE4F-0F0A-4573-B274-F94562DADDCF}.Release|Any CPU.ActiveCfg = Release|Any CPU
		{DE51CE4F-0F0A-4573-B274-F94562DADDCF}.Release|Any CPU.Build.0 = Release|Any CPU
		{DE51CE4F-0F0A-4573-B274-F94562DADDCF}.Release|x64.ActiveCfg = Release|Any CPU
		{DE51CE4F-0F0A-4573-B274-F94562DADDCF}.Release|x64.Build.0 = Release|Any CPU
		{DE51CE4F-0F0A-4573-B274-F94562DADDCF}.Release|x86.ActiveCfg = Release|Any CPU
		{DE51CE4F-0F0A-4573-B274-F94562DADDCF}.Release|x86.Build.0 = Release|Any CPU
		{7F808549-0A33-4858-B01C-D278ABEFECAA}.Debug|Any CPU.ActiveCfg = Debug|Any CPU
		{7F808549-0A33-4858-B01C-D278ABEFECAA}.Debug|Any CPU.Build.0 = Debug|Any CPU
		{7F808549-0A33-4858-B01C-D278ABEFECAA}.Debug|x64.ActiveCfg = Debug|Any CPU
		{7F808549-0A33-4858-B01C-D278ABEFECAA}.Debug|x64.Build.0 = Debug|Any CPU
		{7F808549-0A33-4858-B01C-D278ABEFECAA}.Debug|x86.ActiveCfg = Debug|Any CPU
		{7F808549-0A33-4858-B01C-D278ABEFECAA}.Debug|x86.Build.0 = Debug|Any CPU
		{7F808549-0A33-4858-B01C-D278ABEFECAA}.Release|Any CPU.ActiveCfg = Release|Any CPU
		{7F808549-0A33-4858-B01C-D278ABEFECAA}.Release|Any CPU.Build.0 = Release|Any CPU
		{7F808549-0A33-4858-B01C-D278ABEFECAA}.Release|x64.ActiveCfg = Release|Any CPU
		{7F808549-0A33-4858-B01C-D278ABEFECAA}.Release|x64.Build.0 = Release|Any CPU
		{7F808549-0A33-4858-B01C-D278ABEFECAA}.Release|x86.ActiveCfg = Release|Any CPU
		{7F808549-0A33-4858-B01C-D278ABEFECAA}.Release|x86.Build.0 = Release|Any CPU
		{2B98ED62-A2B8-436D-8D4C-F805DDEA712A}.Debug|Any CPU.ActiveCfg = Debug|Any CPU
		{2B98ED62-A2B8-436D-8D4C-F805DDEA712A}.Debug|Any CPU.Build.0 = Debug|Any CPU
		{2B98ED62-A2B8-436D-8D4C-F805DDEA712A}.Debug|x64.ActiveCfg = Debug|Any CPU
		{2B98ED62-A2B8-436D-8D4C-F805DDEA712A}.Debug|x64.Build.0 = Debug|Any CPU
		{2B98ED62-A2B8-436D-8D4C-F805DDEA712A}.Debug|x86.ActiveCfg = Debug|Any CPU
		{2B98ED62-A2B8-436D-8D4C-F805DDEA712A}.Debug|x86.Build.0 = Debug|Any CPU
		{2B98ED62-A2B8-436D-8D4C-F805DDEA712A}.Release|Any CPU.ActiveCfg = Release|Any CPU
		{2B98ED62-A2B8-436D-8D4C-F805DDEA712A}.Release|Any CPU.Build.0 = Release|Any CPU
		{2B98ED62-A2B8-436D-8D4C-F805DDEA712A}.Release|x64.ActiveCfg = Release|Any CPU
		{2B98ED62-A2B8-436D-8D4C-F805DDEA712A}.Release|x64.Build.0 = Release|Any CPU
		{2B98ED62-A2B8-436D-8D4C-F805DDEA712A}.Release|x86.ActiveCfg = Release|Any CPU
		{2B98ED62-A2B8-436D-8D4C-F805DDEA712A}.Release|x86.Build.0 = Release|Any CPU
		{66444A27-B1C2-479F-9BE5-9B74113C1BE6}.Debug|Any CPU.ActiveCfg = Debug|Any CPU
		{66444A27-B1C2-479F-9BE5-9B74113C1BE6}.Debug|Any CPU.Build.0 = Debug|Any CPU
		{66444A27-B1C2-479F-9BE5-9B74113C1BE6}.Debug|x64.ActiveCfg = Debug|Any CPU
		{66444A27-B1C2-479F-9BE5-9B74113C1BE6}.Debug|x64.Build.0 = Debug|Any CPU
		{66444A27-B1C2-479F-9BE5-9B74113C1BE6}.Debug|x86.ActiveCfg = Debug|Any CPU
		{66444A27-B1C2-479F-9BE5-9B74113C1BE6}.Debug|x86.Build.0 = Debug|Any CPU
		{66444A27-B1C2-479F-9BE5-9B74113C1BE6}.Release|Any CPU.ActiveCfg = Release|Any CPU
		{66444A27-B1C2-479F-9BE5-9B74113C1BE6}.Release|Any CPU.Build.0 = Release|Any CPU
		{66444A27-B1C2-479F-9BE5-9B74113C1BE6}.Release|x64.ActiveCfg = Release|Any CPU
		{66444A27-B1C2-479F-9BE5-9B74113C1BE6}.Release|x64.Build.0 = Release|Any CPU
		{66444A27-B1C2-479F-9BE5-9B74113C1BE6}.Release|x86.ActiveCfg = Release|Any CPU
		{66444A27-B1C2-479F-9BE5-9B74113C1BE6}.Release|x86.Build.0 = Release|Any CPU
		{DF467643-472E-4B46-9D3C-6F71E2D67687}.Debug|Any CPU.ActiveCfg = Debug|Any CPU
		{DF467643-472E-4B46-9D3C-6F71E2D67687}.Debug|Any CPU.Build.0 = Debug|Any CPU
		{DF467643-472E-4B46-9D3C-6F71E2D67687}.Debug|x64.ActiveCfg = Debug|Any CPU
		{DF467643-472E-4B46-9D3C-6F71E2D67687}.Debug|x64.Build.0 = Debug|Any CPU
		{DF467643-472E-4B46-9D3C-6F71E2D67687}.Debug|x86.ActiveCfg = Debug|Any CPU
		{DF467643-472E-4B46-9D3C-6F71E2D67687}.Debug|x86.Build.0 = Debug|Any CPU
		{DF467643-472E-4B46-9D3C-6F71E2D67687}.Release|Any CPU.ActiveCfg = Release|Any CPU
		{DF467643-472E-4B46-9D3C-6F71E2D67687}.Release|Any CPU.Build.0 = Release|Any CPU
		{DF467643-472E-4B46-9D3C-6F71E2D67687}.Release|x64.ActiveCfg = Release|Any CPU
		{DF467643-472E-4B46-9D3C-6F71E2D67687}.Release|x64.Build.0 = Release|Any CPU
		{DF467643-472E-4B46-9D3C-6F71E2D67687}.Release|x86.ActiveCfg = Release|Any CPU
		{DF467643-472E-4B46-9D3C-6F71E2D67687}.Release|x86.Build.0 = Release|Any CPU
		{24CA380D-66DA-4494-BC03-2B296F1477E5}.Debug|Any CPU.ActiveCfg = Debug|Any CPU
		{24CA380D-66DA-4494-BC03-2B296F1477E5}.Debug|Any CPU.Build.0 = Debug|Any CPU
		{24CA380D-66DA-4494-BC03-2B296F1477E5}.Debug|x64.ActiveCfg = Debug|Any CPU
		{24CA380D-66DA-4494-BC03-2B296F1477E5}.Debug|x64.Build.0 = Debug|Any CPU
		{24CA380D-66DA-4494-BC03-2B296F1477E5}.Debug|x86.ActiveCfg = Debug|Any CPU
		{24CA380D-66DA-4494-BC03-2B296F1477E5}.Debug|x86.Build.0 = Debug|Any CPU
		{24CA380D-66DA-4494-BC03-2B296F1477E5}.Release|Any CPU.ActiveCfg = Release|Any CPU
		{24CA380D-66DA-4494-BC03-2B296F1477E5}.Release|Any CPU.Build.0 = Release|Any CPU
		{24CA380D-66DA-4494-BC03-2B296F1477E5}.Release|x64.ActiveCfg = Release|Any CPU
		{24CA380D-66DA-4494-BC03-2B296F1477E5}.Release|x64.Build.0 = Release|Any CPU
		{24CA380D-66DA-4494-BC03-2B296F1477E5}.Release|x86.ActiveCfg = Release|Any CPU
		{24CA380D-66DA-4494-BC03-2B296F1477E5}.Release|x86.Build.0 = Release|Any CPU
	EndGlobalSection
	GlobalSection(SolutionProperties) = preSolution
		HideSolutionNode = FALSE
	EndGlobalSection
	GlobalSection(ExtensibilityGlobals) = postSolution
		SolutionGuid = {B7ACCFE8-E535-4F61-94A0-CA0BF0DDEF80}
	EndGlobalSection
EndGlobal
